schema: '2.0'
stages:
  build_vector_store:
    cmd: python read_pdf.py
    deps:
    - path: data
      hash: md5
      md5: 49050b1a4ecd6f3c7aa6a1e5b05a7bfd.dir
      size: 3391499
      nfiles: 2
    - path: read_pdf.py
      hash: md5
      md5: 6016cb8a91f38e5e2f817f8ca3064f7b
      size: 4716
    params:
      params.yaml:
        read_pdf.chunk_overlap: 200
        read_pdf.chunk_size: 1000
    outs:
    - path: vector_db
      hash: md5
      md5: 44d87b54d0372e3aa8cb165fb57cf7d4.dir
      size: 177879
      nfiles: 2
  test_chatbot:
    cmd: python chat.py
    deps:
    - path: chat.py
      hash: md5
      md5: 718b7934da4c1073682540f6797d94e9
      size: 9411
    - path: params.yaml
      hash: md5
      md5: 0539ced0b2b19f91c86ea6cb1c051c4c
      size: 119
    - path: vector_db
      hash: md5
      md5: 44d87b54d0372e3aa8cb165fb57cf7d4.dir
      size: 177879
      nfiles: 2
    params:
      params.yaml:
        chat.display_chunks: 3
        chat.retrieval_k: 5
        chat.temperature: 0
    outs:
    - path: chat_output.txt
      hash: md5
      md5: 1ebaa4a77d0af6b9a6903c2d656ee106
      size: 4972
